
Microsoft Visual Studio Solution File, Format Version 12.00
# Visual Studio Version 17
VisualStudioVersion = 17.9.34714.143
MinimumVisualStudioVersion = 10.0.40219.1
Project("{9A19103F-16F7-4668-BE54-9A1E7A4F7556}") = "NorthWind.Entities", "NorthWind.Entities\NorthWind.Entities.csproj", "{89D73EE8-D0E0-4063-B89B-BE9E9E00649D}"
EndProject
Project("{9A19103F-16F7-4668-BE54-9A1E7A4F7556}") = "NorthWind.ConsoleApp", "NorthWind.ConsoleApp\NorthWind.ConsoleApp.csproj", "{766DF42A-32CE-458B-A40F-4A6E2458C2D1}"
EndProject
Project("{9A19103F-16F7-4668-BE54-9A1E7A4F7556}") = "NorthWind.Writers", "NorthWind.Writers\NorthWind.Writers.csproj", "{A5B8051E-D52B-4C10-936C-0C5BD02F017B}"
EndProject
Project("{FAE04EC0-301F-11D3-BF4B-00C04F79EFBC}") = "NorthWind.IoC", "NorthWind.IoC\NorthWind.IoC.csproj", "{2C715A55-4DC8-4881-BB1E-969FFA61292B}"
EndProject
Project("{FAE04EC0-301F-11D3-BF4B-00C04F79EFBC}") = "NorthWind.Core", "NorthWind.Core\NorthWind.Core.csproj", "{DCC4A117-8EA8-4CD0-96E4-EAF18484A6D9}"
EndProject
Global
	GlobalSection(SolutionConfigurationPlatforms) = preSolution
		Debug|Any CPU = Debug|Any CPU
		Release|Any CPU = Release|Any CPU
	EndGlobalSection
	GlobalSection(ProjectConfigurationPlatforms) = postSolution
		{89D73EE8-D0E0-4063-B89B-BE9E9E00649D}.Debug|Any CPU.ActiveCfg = Debug|Any CPU
		{89D73EE8-D0E0-4063-B89B-BE9E9E00649D}.Debug|Any CPU.Build.0 = Debug|Any CPU
		{89D73EE8-D0E0-4063-B89B-BE9E9E00649D}.Release|Any CPU.ActiveCfg = Release|Any CPU
		{89D73EE8-D0E0-4063-B89B-BE9E9E00649D}.Release|Any CPU.Build.0 = Release|Any CPU
		{766DF42A-32CE-458B-A40F-4A6E2458C2D1}.Debug|Any CPU.ActiveCfg = Debug|Any CPU
		{766DF42A-32CE-458B-A40F-4A6E2458C2D1}.Debug|Any CPU.Build.0 = Debug|Any CPU
		{766DF42A-32CE-458B-A40F-4A6E2458C2D1}.Release|Any CPU.ActiveCfg = Release|Any CPU
		{766DF42A-32CE-458B-A40F-4A6E2458C2D1}.Release|Any CPU.Build.0 = Release|Any CPU
		{A5B8051E-D52B-4C10-936C-0C5BD02F017B}.Debug|Any CPU.ActiveCfg = Debug|Any CPU
		{A5B8051E-D52B-4C10-936C-0C5BD02F017B}.Debug|Any CPU.Build.0 = Debug|Any CPU
		{A5B8051E-D52B-4C10-936C-0C5BD02F017B}.Release|Any CPU.ActiveCfg = Release|Any CPU
		{A5B8051E-D52B-4C10-936C-0C5BD02F017B}.Release|Any CPU.Build.0 = Release|Any CPU
		{2C715A55-4DC8-4881-BB1E-969FFA61292B}.Debug|Any CPU.ActiveCfg = Debug|Any CPU
		{2C715A55-4DC8-4881-BB1E-969FFA61292B}.Debug|Any CPU.Build.0 = Debug|Any CPU
		{2C715A55-4DC8-4881-BB1E-969FFA61292B}.Release|Any CPU.ActiveCfg = Release|Any CPU
		{2C715A55-4DC8-4881-BB1E-969FFA61292B}.Release|Any CPU.Build.0 = Release|Any CPU
		{DCC4A117-8EA8-4CD0-96E4-EAF18484A6D9}.Debug|Any CPU.ActiveCfg = Debug|Any CPU
		{DCC4A117-8EA8-4CD0-96E4-EAF18484A6D9}.Debug|Any CPU.Build.0 = Debug|Any CPU
		{DCC4A117-8EA8-4CD0-96E4-EAF18484A6D9}.Release|Any CPU.ActiveCfg = Release|Any CPU
		{DCC4A117-8EA8-4CD0-96E4-EAF18484A6D9}.Release|Any CPU.Build.0 = Release|Any CPU
	EndGlobalSection
	GlobalSection(SolutionProperties) = preSolution
		HideSolutionNode = FALSE
	EndGlobalSection
	GlobalSection(ExtensibilityGlobals) = postSolution
		SolutionGuid = {DBFD0DE8-581D-4680-91D3-9CE204FAF5A5}
	EndGlobalSection
EndGlobal